
Microsoft Visual Studio Solution File, Format Version 12.00
# Visual Studio Version 17
VisualStudioVersion = 17.5.33530.505
MinimumVisualStudioVersion = 10.0.40219.1
Project("{9A19103F-16F7-4668-BE54-9A1E7A4F7556}") = "MailService", "MailService\MailService.csproj", "{FBD5310E-6C21-4239-AE0A-F9893FCBE96D}"
EndProject
Project("{9A19103F-16F7-4668-BE54-9A1E7A4F7556}") = "AutoMapper_DTO", "AutoMapper\AutoMapper_DTO.csproj", "{25E0CD24-AAD3-45C2-A1AE-7C00608D700E}"
EndProject
Project("{9A19103F-16F7-4668-BE54-9A1E7A4F7556}") = "FluentValdation_1", "FluentValdation_1\FluentValdation_1.csproj", "{9AAFEE99-BF0F-4732-AAF3-FE6D40316841}"
EndProject
Project("{9A19103F-16F7-4668-BE54-9A1E7A4F7556}") = "LINQ", "LINQ\LINQ.csproj", "{394D92A1-5FEB-4CD7-93E1-00EB2C0B6033}"
EndProject
Project("{9A19103F-16F7-4668-BE54-9A1E7A4F7556}") = "FactoryDesignPattern", "FactoryDesignPattern\FactoryDesignPattern.csproj", "{E521A2AC-8087-4696-94E0-179B4E0EF39A}"
EndProject
Project("{9A19103F-16F7-4668-BE54-9A1E7A4F7556}") = "StrattegyDesignPattern", "StrattegyDesignPattern\StrattegyDesignPattern.csproj", "{45AB2DFC-F175-448E-95A6-84C4D78EFDD4}"
EndProject
Project("{9A19103F-16F7-4668-BE54-9A1E7A4F7556}") = "GenericRepositoryAndUnitOfWorkPatterns", "GenericRepositoryAndUnitOfWorkPatterns\GenericRepositoryAndUnitOfWorkPatterns.csproj", "{A3592532-AD27-45C7-BCF9-F87A361FE099}"
EndProject
Project("{FAE04EC0-301F-11D3-BF4B-00C04F79EFBC}") = "UOWAndGenericRepoısitory", "UOWAndGenericRepoısitory\UOWAndGenericRepoısitory.csproj", "{3A3301E6-9A43-4057-B164-D4BD200D85A9}"
EndProject
Global
	GlobalSection(SolutionConfigurationPlatforms) = preSolution
		Debug|Any CPU = Debug|Any CPU
		Release|Any CPU = Release|Any CPU
	EndGlobalSection
	GlobalSection(ProjectConfigurationPlatforms) = postSolution
		{FBD5310E-6C21-4239-AE0A-F9893FCBE96D}.Debug|Any CPU.ActiveCfg = Debug|Any CPU
		{FBD5310E-6C21-4239-AE0A-F9893FCBE96D}.Debug|Any CPU.Build.0 = Debug|Any CPU
		{FBD5310E-6C21-4239-AE0A-F9893FCBE96D}.Release|Any CPU.ActiveCfg = Release|Any CPU
		{FBD5310E-6C21-4239-AE0A-F9893FCBE96D}.Release|Any CPU.Build.0 = Release|Any CPU
		{25E0CD24-AAD3-45C2-A1AE-7C00608D700E}.Debug|Any CPU.ActiveCfg = Debug|Any CPU
		{25E0CD24-AAD3-45C2-A1AE-7C00608D700E}.Debug|Any CPU.Build.0 = Debug|Any CPU
		{25E0CD24-AAD3-45C2-A1AE-7C00608D700E}.Release|Any CPU.ActiveCfg = Release|Any CPU
		{25E0CD24-AAD3-45C2-A1AE-7C00608D700E}.Release|Any CPU.Build.0 = Release|Any CPU
		{9AAFEE99-BF0F-4732-AAF3-FE6D40316841}.Debug|Any CPU.ActiveCfg = Debug|Any CPU
		{9AAFEE99-BF0F-4732-AAF3-FE6D40316841}.Debug|Any CPU.Build.0 = Debug|Any CPU
		{9AAFEE99-BF0F-4732-AAF3-FE6D40316841}.Release|Any CPU.ActiveCfg = Release|Any CPU
		{9AAFEE99-BF0F-4732-AAF3-FE6D40316841}.Release|Any CPU.Build.0 = Release|Any CPU
		{394D92A1-5FEB-4CD7-93E1-00EB2C0B6033}.Debug|Any CPU.ActiveCfg = Debug|Any CPU
		{394D92A1-5FEB-4CD7-93E1-00EB2C0B6033}.Debug|Any CPU.Build.0 = Debug|Any CPU
		{394D92A1-5FEB-4CD7-93E1-00EB2C0B6033}.Release|Any CPU.ActiveCfg = Release|Any CPU
		{394D92A1-5FEB-4CD7-93E1-00EB2C0B6033}.Release|Any CPU.Build.0 = Release|Any CPU
		{E521A2AC-8087-4696-94E0-179B4E0EF39A}.Debug|Any CPU.ActiveCfg = Debug|Any CPU
		{E521A2AC-8087-4696-94E0-179B4E0EF39A}.Debug|Any CPU.Build.0 = Debug|Any CPU
		{E521A2AC-8087-4696-94E0-179B4E0EF39A}.Release|Any CPU.ActiveCfg = Release|Any CPU
		{E521A2AC-8087-4696-94E0-179B4E0EF39A}.Release|Any CPU.Build.0 = Release|Any CPU
		{45AB2DFC-F175-448E-95A6-84C4D78EFDD4}.Debug|Any CPU.ActiveCfg = Debug|Any CPU
		{45AB2DFC-F175-448E-95A6-84C4D78EFDD4}.Debug|Any CPU.Build.0 = Debug|Any CPU
		{45AB2DFC-F175-448E-95A6-84C4D78EFDD4}.Release|Any CPU.ActiveCfg = Release|Any CPU
		{45AB2DFC-F175-448E-95A6-84C4D78EFDD4}.Release|Any CPU.Build.0 = Release|Any CPU
		{A3592532-AD27-45C7-BCF9-F87A361FE099}.Debug|Any CPU.ActiveCfg = Debug|Any CPU
		{A3592532-AD27-45C7-BCF9-F87A361FE099}.Debug|Any CPU.Build.0 = Debug|Any CPU
		{A3592532-AD27-45C7-BCF9-F87A361FE099}.Release|Any CPU.ActiveCfg = Release|Any CPU
		{A3592532-AD27-45C7-BCF9-F87A361FE099}.Release|Any CPU.Build.0 = Release|Any CPU
		{3A3301E6-9A43-4057-B164-D4BD200D85A9}.Debug|Any CPU.ActiveCfg = Debug|Any CPU
		{3A3301E6-9A43-4057-B164-D4BD200D85A9}.Debug|Any CPU.Build.0 = Debug|Any CPU
		{3A3301E6-9A43-4057-B164-D4BD200D85A9}.Release|Any CPU.ActiveCfg = Release|Any CPU
		{3A3301E6-9A43-4057-B164-D4BD200D85A9}.Release|Any CPU.Build.0 = Release|Any CPU
	EndGlobalSection
	GlobalSection(SolutionProperties) = preSolution
		HideSolutionNode = FALSE
	EndGlobalSection
	GlobalSection(ExtensibilityGlobals) = postSolution
		SolutionGuid = {65114293-C5C1-4BA2-9962-9292E52A2BF1}
	EndGlobalSection
EndGlobal
